
Microsoft Visual Studio Solution File, Format Version 12.00
# Visual Studio Version 17
VisualStudioVersion = 17.6.33829.357
MinimumVisualStudioVersion = 10.0.40219.1
Project("{9A19103F-16F7-4668-BE54-9A1E7A4F7556}") = "DemoApp.WPF", "DemoApp.WPF\DemoApp.WPF\DemoApp.WPF.csproj", "{C8ACA16F-6845-4F04-9E11-7FEB6950822E}"
EndProject
Project("{9A19103F-16F7-4668-BE54-9A1E7A4F7556}") = "DemoApp.WPF.Core", "DemoApp.WPF\DemoApp.WPF.Core\DemoApp.WPF.Core.csproj", "{03F617BF-BCDA-41FC-A320-319DA44446FA}"
EndProject
Project("{9A19103F-16F7-4668-BE54-9A1E7A4F7556}") = "DemoApp.DAL", "DemoApp.DAL\DemoApp.DAL.csproj", "{2110AC70-A86A-4DE0-817A-C9FA179BCF66}"
EndProject
Project("{9A19103F-16F7-4668-BE54-9A1E7A4F7556}") = "DemoAppServer", "DemoAppServer\DemoAppServer.csproj", "{80B376D3-4BAE-423D-8041-E8F7029EACE5}"
EndProject
Project("{FAE04EC0-301F-11D3-BF4B-00C04F79EFBC}") = "TestConsoleApp", "TestConsoleApp\TestConsoleApp.csproj", "{D1D43724-4A1B-43DA-8EF1-BE1B96955D52}"
EndProject
Global
	GlobalSection(SolutionConfigurationPlatforms) = preSolution
		Debug|Any CPU = Debug|Any CPU
		Release|Any CPU = Release|Any CPU
	EndGlobalSection
	GlobalSection(ProjectConfigurationPlatforms) = postSolution
		{C8ACA16F-6845-4F04-9E11-7FEB6950822E}.Debug|Any CPU.ActiveCfg = Debug|Any CPU
		{C8ACA16F-6845-4F04-9E11-7FEB6950822E}.Debug|Any CPU.Build.0 = Debug|Any CPU
		{C8ACA16F-6845-4F04-9E11-7FEB6950822E}.Release|Any CPU.ActiveCfg = Release|Any CPU
		{C8ACA16F-6845-4F04-9E11-7FEB6950822E}.Release|Any CPU.Build.0 = Release|Any CPU
		{03F617BF-BCDA-41FC-A320-319DA44446FA}.Debug|Any CPU.ActiveCfg = Debug|Any CPU
		{03F617BF-BCDA-41FC-A320-319DA44446FA}.Debug|Any CPU.Build.0 = Debug|Any CPU
		{03F617BF-BCDA-41FC-A320-319DA44446FA}.Release|Any CPU.ActiveCfg = Release|Any CPU
		{03F617BF-BCDA-41FC-A320-319DA44446FA}.Release|Any CPU.Build.0 = Release|Any CPU
		{2110AC70-A86A-4DE0-817A-C9FA179BCF66}.Debug|Any CPU.ActiveCfg = Debug|Any CPU
		{2110AC70-A86A-4DE0-817A-C9FA179BCF66}.Debug|Any CPU.Build.0 = Debug|Any CPU
		{2110AC70-A86A-4DE0-817A-C9FA179BCF66}.Release|Any CPU.ActiveCfg = Release|Any CPU
		{2110AC70-A86A-4DE0-817A-C9FA179BCF66}.Release|Any CPU.Build.0 = Release|Any CPU
		{80B376D3-4BAE-423D-8041-E8F7029EACE5}.Debug|Any CPU.ActiveCfg = Debug|Any CPU
		{80B376D3-4BAE-423D-8041-E8F7029EACE5}.Debug|Any CPU.Build.0 = Debug|Any CPU
		{80B376D3-4BAE-423D-8041-E8F7029EACE5}.Release|Any CPU.ActiveCfg = Release|Any CPU
		{80B376D3-4BAE-423D-8041-E8F7029EACE5}.Release|Any CPU.Build.0 = Release|Any CPU
		{D1D43724-4A1B-43DA-8EF1-BE1B96955D52}.Debug|Any CPU.ActiveCfg = Debug|Any CPU
		{D1D43724-4A1B-43DA-8EF1-BE1B96955D52}.Debug|Any CPU.Build.0 = Debug|Any CPU
		{D1D43724-4A1B-43DA-8EF1-BE1B96955D52}.Release|Any CPU.ActiveCfg = Release|Any CPU
		{D1D43724-4A1B-43DA-8EF1-BE1B96955D52}.Release|Any CPU.Build.0 = Release|Any CPU
	EndGlobalSection
	GlobalSection(SolutionProperties) = preSolution
		HideSolutionNode = FALSE
	EndGlobalSection
	GlobalSection(ExtensibilityGlobals) = postSolution
		SolutionGuid = {96F7A2A5-1A21-4896-9B4C-BDA033866420}
	EndGlobalSection
EndGlobal
